// !$*UTF8*$!
{
	archiveVersion = 1;
	classes = {
	};
	objectVersion = 56;
	objects = {

/* Begin PBXBuildFile section */
		224916B22B7E575000BEE207 /* AppDelegate.m in Sources */ = {isa = PBXBuildFile; fileRef = 224916B12B7E575000BEE207 /* AppDelegate.m */; };
		224916B52B7E575000BEE207 /* SceneDelegate.m in Sources */ = {isa = PBXBuildFile; fileRef = 224916B42B7E575000BEE207 /* SceneDelegate.m */; };
		224916B82B7E575000BEE207 /* ViewController.m in Sources */ = {isa = PBXBuildFile; fileRef = 224916B72B7E575000BEE207 /* ViewController.m */; };
		224916BB2B7E575000BEE207 /* Main.storyboard in Resources */ = {isa = PBXBuildFile; fileRef = 224916B92B7E575000BEE207 /* Main.storyboard */; };
		224916BD2B7E575100BEE207 /* Assets.xcassets in Resources */ = {isa = PBXBuildFile; fileRef = 224916BC2B7E575100BEE207 /* Assets.xcassets */; };
		224916C02B7E575100BEE207 /* LaunchScreen.storyboard in Resources */ = {isa = PBXBuildFile; fileRef = 224916BE2B7E575100BEE207 /* LaunchScreen.storyboard */; };
		224916C32B7E575100BEE207 /* main.m in Sources */ = {isa = PBXBuildFile; fileRef = 224916C22B7E575100BEE207 /* main.m */; };
		224916CD2B7E575100BEE207 /* testappTests.m in Sources */ = {isa = PBXBuildFile; fileRef = 224916CC2B7E575100BEE207 /* testappTests.m */; };
		224916D72B7E575100BEE207 /* testappUITests.m in Sources */ = {isa = PBXBuildFile; fileRef = 224916D62B7E575100BEE207 /* testappUITests.m */; };
		224916D92B7E575100BEE207 /* testappUITestsLaunchTests.m in Sources */ = {isa = PBXBuildFile; fileRef = 224916D82B7E575100BEE207 /* testappUITestsLaunchTests.m */; };
/* End PBXBuildFile section */

/* Begin PBXContainerItemProxy section */
		224916C92B7E575100BEE207 /* PBXContainerItemProxy */ = {
			isa = PBXContainerItemProxy;
			containerPortal = 224916A52B7E575000BEE207 /* Project object */;
			proxyType = 1;
			remoteGlobalIDString = 224916AC2B7E575000BEE207;
			remoteInfo = testapp;
		};
		224916D32B7E575100BEE207 /* PBXContainerItemProxy */ = {
			isa = PBXContainerItemProxy;
			containerPortal = 224916A52B7E575000BEE207 /* Project object */;
			proxyType = 1;
			remoteGlobalIDString = 224916AC2B7E575000BEE207;
			remoteInfo = testapp;
		};
/* End PBXContainerItemProxy section */

/* Begin PBXFileReference section */
		224916AD2B7E575000BEE207 /* testapp.app */ = {isa = PBXFileReference; explicitFileType = wrapper.application; includeInIndex = 0; path = testapp.app; sourceTree = BUILT_PRODUCTS_DIR; };
		224916B02B7E575000BEE207 /* AppDelegate.h */ = {isa = PBXFileReference; lastKnownFileType = sourcecode.c.h; path = AppDelegate.h; sourceTree = "<group>"; };
		224916B12B7E575000BEE207 /* AppDelegate.m */ = {isa = PBXFileReference; lastKnownFileType = sourcecode.c.objc; path = AppDelegate.m; sourceTree = "<group>"; };
		224916B32B7E575000BEE207 /* SceneDelegate.h */ = {isa = PBXFileReference; lastKnownFileType = sourcecode.c.h; path = SceneDelegate.h; sourceTree = "<group>"; };
		224916B42B7E575000BEE207 /* SceneDelegate.m */ = {isa = PBXFileReference; lastKnownFileType = sourcecode.c.objc; path = SceneDelegate.m; sourceTree = "<group>"; };
		224916B62B7E575000BEE207 /* ViewController.h */ = {isa = PBXFileReference; lastKnownFileType = sourcecode.c.h; path = ViewController.h; sourceTree = "<group>"; };
		224916B72B7E575000BEE207 /* ViewController.m */ = {isa = PBXFileReference; lastKnownFileType = sourcecode.c.objc; path = ViewController.m; sourceTree = "<group>"; };
		224916BA2B7E575000BEE207 /* Base */ = {isa = PBXFileReference; lastKnownFileType = file.storyboard; name = Base; path = Base.lproj/Main.storyboard; sourceTree = "<group>"; };
		224916BC2B7E575100BEE207 /* Assets.xcassets */ = {isa = PBXFileReference; lastKnownFileType = folder.assetcatalog; path = Assets.xcassets; sourceTree = "<group>"; };
		224916BF2B7E575100BEE207 /* Base */ = {isa = PBXFileReference; lastKnownFileType = file.storyboard; name = Base; path = Base.lproj/LaunchScreen.storyboard; sourceTree = "<group>"; };
		224916C12B7E575100BEE207 /* Info.plist */ = {isa = PBXFileReference; lastKnownFileType = text.plist.xml; path = Info.plist; sourceTree = "<group>"; };
		224916C22B7E575100BEE207 /* main.m */ = {isa = PBXFileReference; lastKnownFileType = sourcecode.c.objc; path = main.m; sourceTree = "<group>"; };
		224916C82B7E575100BEE207 /* testappTests.xctest */ = {isa = PBXFileReference; explicitFileType = wrapper.cfbundle; includeInIndex = 0; path = testappTests.xctest; sourceTree = BUILT_PRODUCTS_DIR; };
		224916CC2B7E575100BEE207 /* testappTests.m */ = {isa = PBXFileReference; lastKnownFileType = sourcecode.c.objc; path = testappTests.m; sourceTree = "<group>"; };
		224916D22B7E575100BEE207 /* testappUITests.xctest */ = {isa = PBXFileReference; explicitFileType = wrapper.cfbundle; includeInIndex = 0; path = testappUITests.xctest; sourceTree = BUILT_PRODUCTS_DIR; };
		224916D62B7E575100BEE207 /* testappUITests.m */ = {isa = PBXFileReference; lastKnownFileType = sourcecode.c.objc; path = testappUITests.m; sourceTree = "<group>"; };
		224916D82B7E575100BEE207 /* testappUITestsLaunchTests.m */ = {isa = PBXFileReference; lastKnownFileType = sourcecode.c.objc; path = testappUITestsLaunchTests.m; sourceTree = "<group>"; };
/* End PBXFileReference section */

/* Begin PBXFrameworksBuildPhase section */
		224916AA2B7E575000BEE207 /* Frameworks */ = {
			isa = PBXFrameworksBuildPhase;
			buildActionMask = 2147483647;
			files = (
			);
			runOnlyForDeploymentPostprocessing = 0;
		};
		224916C52B7E575100BEE207 /* Frameworks */ = {
			isa = PBXFrameworksBuildPhase;
			buildActionMask = 2147483647;
			files = (
			);
			runOnlyForDeploymentPostprocessing = 0;
		};
		224916CF2B7E575100BEE207 /* Frameworks */ = {
			isa = PBXFrameworksBuildPhase;
			buildActionMask = 2147483647;
			files = (
			);
			runOnlyForDeploymentPostprocessing = 0;
		};
/* End PBXFrameworksBuildPhase section */

/* Begin PBXGroup section */
		224916A42B7E575000BEE207 = {
			isa = PBXGroup;
			children = (
				224916AF2B7E575000BEE207 /* testapp */,
				224916CB2B7E575100BEE207 /* testappTests */,
				224916D52B7E575100BEE207 /* testappUITests */,
				224916AE2B7E575000BEE207 /* Products */,
			);
			sourceTree = "<group>";
		};
		224916AE2B7E575000BEE207 /* Products */ = {
			isa = PBXGroup;
			children = (
				224916AD2B7E575000BEE207 /* testapp.app */,
				224916C82B7E575100BEE207 /* testappTests.xctest */,
				224916D22B7E575100BEE207 /* testappUITests.xctest */,
			);
			name = Products;
			sourceTree = "<group>";
		};
		224916AF2B7E575000BEE207 /* testapp */ = {
			isa = PBXGroup;
			children = (
				224916B02B7E575000BEE207 /* AppDelegate.h */,
				224916B12B7E575000BEE207 /* AppDelegate.m */,
				224916B32B7E575000BEE207 /* SceneDelegate.h */,
				224916B42B7E575000BEE207 /* SceneDelegate.m */,
				224916B62B7E575000BEE207 /* ViewController.h */,
				224916B72B7E575000BEE207 /* ViewController.m */,
				224916B92B7E575000BEE207 /* Main.storyboard */,
				224916BC2B7E575100BEE207 /* Assets.xcassets */,
				224916BE2B7E575100BEE207 /* LaunchScreen.storyboard */,
				224916C12B7E575100BEE207 /* Info.plist */,
				224916C22B7E575100BEE207 /* main.m */,
			);
			path = testapp;
			sourceTree = "<group>";
		};
		224916CB2B7E575100BEE207 /* testappTests */ = {
			isa = PBXGroup;
			children = (
				224916CC2B7E575100BEE207 /* testappTests.m */,
			);
			path = testappTests;
			sourceTree = "<group>";
		};
		224916D52B7E575100BEE207 /* testappUITests */ = {
			isa = PBXGroup;
			children = (
				224916D62B7E575100BEE207 /* testappUITests.m */,
				224916D82B7E575100BEE207 /* testappUITestsLaunchTests.m */,
			);
			path = testappUITests;
			sourceTree = "<group>";
		};
/* End PBXGroup section */

/* Begin PBXNativeTarget section */
		224916AC2B7E575000BEE207 /* testapp */ = {
			isa = PBXNativeTarget;
			buildConfigurationList = 224916DC2B7E575100BEE207 /* Build configuration list for PBXNativeTarget "testapp" */;
			buildPhases = (
				224916A92B7E575000BEE207 /* Sources */,
				224916AA2B7E575000BEE207 /* Frameworks */,
				224916AB2B7E575000BEE207 /* Resources */,
			);
			buildRules = (
			);
			dependencies = (
			);
			name = testapp;
			productName = testapp;
			productReference = 224916AD2B7E575000BEE207 /* testapp.app */;
			productType = "com.apple.product-type.application";
		};
		224916C72B7E575100BEE207 /* testappTests */ = {
			isa = PBXNativeTarget;
			buildConfigurationList = 224916DF2B7E575100BEE207 /* Build configuration list for PBXNativeTarget "testappTests" */;
			buildPhases = (
				224916C42B7E575100BEE207 /* Sources */,
				224916C52B7E575100BEE207 /* Frameworks */,
				224916C62B7E575100BEE207 /* Resources */,
			);
			buildRules = (
			);
			dependencies = (
				224916CA2B7E575100BEE207 /* PBXTargetDependency */,
			);
			name = testappTests;
			productName = testappTests;
			productReference = 224916C82B7E575100BEE207 /* testappTests.xctest */;
			productType = "com.apple.product-type.bundle.unit-test";
		};
		224916D12B7E575100BEE207 /* testappUITests */ = {
			isa = PBXNativeTarget;
			buildConfigurationList = 224916E22B7E575100BEE207 /* Build configuration list for PBXNativeTarget "testappUITests" */;
			buildPhases = (
				224916CE2B7E575100BEE207 /* Sources */,
				224916CF2B7E575100BEE207 /* Frameworks */,
				224916D02B7E575100BEE207 /* Resources */,
			);
			buildRules = (
			);
			dependencies = (
				224916D42B7E575100BEE207 /* PBXTargetDependency */,
			);
			name = testappUITests;
			productName = testappUITests;
			productReference = 224916D22B7E575100BEE207 /* testappUITests.xctest */;
			productType = "com.apple.product-type.bundle.ui-testing";
		};
/* End PBXNativeTarget section */

/* Begin PBXProject section */
		224916A52B7E575000BEE207 /* Project object */ = {
			isa = PBXProject;
			attributes = {
				BuildIndependentTargetsInParallel = 1;
				LastUpgradeCheck = 1520;
				TargetAttributes = {
					224916AC2B7E575000BEE207 = {
						CreatedOnToolsVersion = 15.2;
					};
					224916C72B7E575100BEE207 = {
						CreatedOnToolsVersion = 15.2;
						TestTargetID = 224916AC2B7E575000BEE207;
					};
					224916D12B7E575100BEE207 = {
						CreatedOnToolsVersion = 15.2;
						TestTargetID = 224916AC2B7E575000BEE207;
					};
				};
			};
			buildConfigurationList = 224916A82B7E575000BEE207 /* Build configuration list for PBXProject "testapp" */;
			compatibilityVersion = "Xcode 14.0";
			developmentRegion = en;
			hasScannedForEncodings = 0;
			knownRegions = (
				en,
				Base,
			);
			mainGroup = 224916A42B7E575000BEE207;
			productRefGroup = 224916AE2B7E575000BEE207 /* Products */;
			projectDirPath = "";
			projectRoot = "";
			targets = (
				224916AC2B7E575000BEE207 /* testapp */,
				224916C72B7E575100BEE207 /* testappTests */,
				224916D12B7E575100BEE207 /* testappUITests */,
			);
		};
/* End PBXProject section */

/* Begin PBXResourcesBuildPhase section */
		224916AB2B7E575000BEE207 /* Resources */ = {
			isa = PBXResourcesBuildPhase;
			buildActionMask = 2147483647;
			files = (
				224916C02B7E575100BEE207 /* LaunchScreen.storyboard in Resources */,
				224916BD2B7E575100BEE207 /* Assets.xcassets in Resources */,
				224916BB2B7E575000BEE207 /* Main.storyboard in Resources */,
			);
			runOnlyForDeploymentPostprocessing = 0;
		};
		224916C62B7E575100BEE207 /* Resources */ = {
			isa = PBXResourcesBuildPhase;
			buildActionMask = 2147483647;
			files = (
			);
			runOnlyForDeploymentPostprocessing = 0;
		};
		224916D02B7E575100BEE207 /* Resources */ = {
			isa = PBXResourcesBuildPhase;
			buildActionMask = 2147483647;
			files = (
			);
			runOnlyForDeploymentPostprocessing = 0;
		};
/* End PBXResourcesBuildPhase section */

/* Begin PBXSourcesBuildPhase section */
		224916A92B7E575000BEE207 /* Sources */ = {
			isa = PBXSourcesBuildPhase;
			buildActionMask = 2147483647;
			files = (
				224916B82B7E575000BEE207 /* ViewController.m in Sources */,
				224916B22B7E575000BEE207 /* AppDelegate.m in Sources */,
				224916C32B7E575100BEE207 /* main.m in Sources */,
				224916B52B7E575000BEE207 /* SceneDelegate.m in Sources */,
			);
			runOnlyForDeploymentPostprocessing = 0;
		};
		224916C42B7E575100BEE207 /* Sources */ = {
			isa = PBXSourcesBuildPhase;
			buildActionMask = 2147483647;
			files = (
				224916CD2B7E575100BEE207 /* testappTests.m in Sources */,
			);
			runOnlyForDeploymentPostprocessing = 0;
		};
		224916CE2B7E575100BEE207 /* Sources */ = {
			isa = PBXSourcesBuildPhase;
			buildActionMask = 2147483647;
			files = (
				224916D92B7E575100BEE207 /* testappUITestsLaunchTests.m in Sources */,
				224916D72B7E575100BEE207 /* testappUITests.m in Sources */,
			);
			runOnlyForDeploymentPostprocessing = 0;
		};
/* End PBXSourcesBuildPhase section */

/* Begin PBXTargetDependency section */
		224916CA2B7E575100BEE207 /* PBXTargetDependency */ = {
			isa = PBXTargetDependency;
			target = 224916AC2B7E575000BEE207 /* testapp */;
			targetProxy = 224916C92B7E575100BEE207 /* PBXContainerItemProxy */;
		};
		224916D42B7E575100BEE207 /* PBXTargetDependency */ = {
			isa = PBXTargetDependency;
			target = 224916AC2B7E575000BEE207 /* testapp */;
			targetProxy = 224916D32B7E575100BEE207 /* PBXContainerItemProxy */;
		};
/* End PBXTargetDependency section */

/* Begin PBXVariantGroup section */
		224916B92B7E575000BEE207 /* Main.storyboard */ = {
			isa = PBXVariantGroup;
			children = (
				224916BA2B7E575000BEE207 /* Base */,
			);
			name = Main.storyboard;
			sourceTree = "<group>";
		};
		224916BE2B7E575100BEE207 /* LaunchScreen.storyboard */ = {
			isa = PBXVariantGroup;
			children = (
				224916BF2B7E575100BEE207 /* Base */,
			);
			name = LaunchScreen.storyboard;
			sourceTree = "<group>";
		};
/* End PBXVariantGroup section */

/* Begin XCBuildConfiguration section */
		224916DA2B7E575100BEE207 /* Debug */ = {
			isa = XCBuildConfiguration;
			buildSettings = {
				ALWAYS_SEARCH_USER_PATHS = NO;
				ASSETCATALOG_COMPILER_GENERATE_SWIFT_ASSET_SYMBOL_EXTENSIONS = YES;
				CLANG_ANALYZER_NONNULL = YES;
				CLANG_ANALYZER_NUMBER_OBJECT_CONVERSION = YES_AGGRESSIVE;
				CLANG_CXX_LANGUAGE_STANDARD = "gnu++20";
				CLANG_ENABLE_MODULES = YES;
				CLANG_ENABLE_OBJC_ARC = YES;
				CLANG_ENABLE_OBJC_WEAK = YES;
				CLANG_WARN_BLOCK_CAPTURE_AUTORELEASING = YES;
				CLANG_WARN_BOOL_CONVERSION = YES;
				CLANG_WARN_COMMA = YES;
				CLANG_WARN_CONSTANT_CONVERSION = YES;
				CLANG_WARN_DEPRECATED_OBJC_IMPLEMENTATIONS = YES;
				CLANG_WARN_DIRECT_OBJC_ISA_USAGE = YES_ERROR;
				CLANG_WARN_DOCUMENTATION_COMMENTS = YES;
				CLANG_WARN_EMPTY_BODY = YES;
				CLANG_WARN_ENUM_CONVERSION = YES;
				CLANG_WARN_INFINITE_RECURSION = YES;
				CLANG_WARN_INT_CONVERSION = YES;
				CLANG_WARN_NON_LITERAL_NULL_CONVERSION = YES;
				CLANG_WARN_OBJC_IMPLICIT_RETAIN_SELF = YES;
				CLANG_WARN_OBJC_LITERAL_CONVERSION = YES;
				CLANG_WARN_OBJC_ROOT_CLASS = YES_ERROR;
				CLANG_WARN_QUOTED_INCLUDE_IN_FRAMEWORK_HEADER = YES;
				CLANG_WARN_RANGE_LOOP_ANALYSIS = YES;
				CLANG_WARN_STRICT_PROTOTYPES = YES;
				CLANG_WARN_SUSPICIOUS_MOVE = YES;
				CLANG_WARN_UNGUARDED_AVAILABILITY = YES_AGGRESSIVE;
				CLANG_WARN_UNREACHABLE_CODE = YES;
				CLANG_WARN__DUPLICATE_METHOD_MATCH = YES;
				COPY_PHASE_STRIP = NO;
				DEBUG_INFORMATION_FORMAT = dwarf;
				ENABLE_STRICT_OBJC_MSGSEND = YES;
				ENABLE_TESTABILITY = YES;
				ENABLE_USER_SCRIPT_SANDBOXING = YES;
				GCC_C_LANGUAGE_STANDARD = gnu17;
				GCC_DYNAMIC_NO_PIC = NO;
				GCC_NO_COMMON_BLOCKS = YES;
				GCC_OPTIMIZATION_LEVEL = 0;
				GCC_PREPROCESSOR_DEFINITIONS = (
					"DEBUG=1",
					"$(inherited)",
				);
				GCC_WARN_64_TO_32_BIT_CONVERSION = YES;
				GCC_WARN_ABOUT_RETURN_TYPE = YES_ERROR;
				GCC_WARN_UNDECLARED_SELECTOR = YES;
				GCC_WARN_UNINITIALIZED_AUTOS = YES_AGGRESSIVE;
				GCC_WARN_UNUSED_FUNCTION = YES;
				GCC_WARN_UNUSED_VARIABLE = YES;
				IPHONEOS_DEPLOYMENT_TARGET = 17.2;
				LOCALIZATION_PREFERS_STRING_CATALOGS = YES;
				MTL_ENABLE_DEBUG_INFO = INCLUDE_SOURCE;
				MTL_FAST_MATH = YES;
				ONLY_ACTIVE_ARCH = YES;
				SDKROOT = iphoneos;
			};
			name = Debug;
		};
		224916DB2B7E575100BEE207 /* Release */ = {
			isa = XCBuildConfiguration;
			buildSettings = {
				ALWAYS_SEARCH_USER_PATHS = NO;
				ASSETCATALOG_COMPILER_GENERATE_SWIFT_ASSET_SYMBOL_EXTENSIONS = YES;
				CLANG_ANALYZER_NONNULL = YES;
				CLANG_ANALYZER_NUMBER_OBJECT_CONVERSION = YES_AGGRESSIVE;
				CLANG_CXX_LANGUAGE_STANDARD = "gnu++20";
				CLANG_ENABLE_MODULES = YES;
				CLANG_ENABLE_OBJC_ARC = YES;
				CLANG_ENABLE_OBJC_WEAK = YES;
				CLANG_WARN_BLOCK_CAPTURE_AUTORELEASING = YES;
				CLANG_WARN_BOOL_CONVERSION = YES;
				CLANG_WARN_COMMA = YES;
				CLANG_WARN_CONSTANT_CONVERSION = YES;
				CLANG_WARN_DEPRECATED_OBJC_IMPLEMENTATIONS = YES;
				CLANG_WARN_DIRECT_OBJC_ISA_USAGE = YES_ERROR;
				CLANG_WARN_DOCUMENTATION_COMMENTS = YES;
				CLANG_WARN_EMPTY_BODY = YES;
				CLANG_WARN_ENUM_CONVERSION = YES;
				CLANG_WARN_INFINITE_RECURSION = YES;
				CLANG_WARN_INT_CONVERSION = YES;
				CLANG_WARN_NON_LITERAL_NULL_CONVERSION = YES;
				CLANG_WARN_OBJC_IMPLICIT_RETAIN_SELF = YES;
				CLANG_WARN_OBJC_LITERAL_CONVERSION = YES;
				CLANG_WARN_OBJC_ROOT_CLASS = YES_ERROR;
				CLANG_WARN_QUOTED_INCLUDE_IN_FRAMEWORK_HEADER = YES;
				CLANG_WARN_RANGE_LOOP_ANALYSIS = YES;
				CLANG_WARN_STRICT_PROTOTYPES = YES;
				CLANG_WARN_SUSPICIOUS_MOVE = YES;
				CLANG_WARN_UNGUARDED_AVAILABILITY = YES_AGGRESSIVE;
				CLANG_WARN_UNREACHABLE_CODE = YES;
				CLANG_WARN__DUPLICATE_METHOD_MATCH = YES;
				COPY_PHASE_STRIP = NO;
				DEBUG_INFORMATION_FORMAT = "dwarf-with-dsym";
				ENABLE_NS_ASSERTIONS = NO;
				ENABLE_STRICT_OBJC_MSGSEND = YES;
				ENABLE_USER_SCRIPT_SANDBOXING = YES;
				GCC_C_LANGUAGE_STANDARD = gnu17;
				GCC_NO_COMMON_BLOCKS = YES;
				GCC_WARN_64_TO_32_BIT_CONVERSION = YES;
				GCC_WARN_ABOUT_RETURN_TYPE = YES_ERROR;
				GCC_WARN_UNDECLARED_SELECTOR = YES;
				GCC_WARN_UNINITIALIZED_AUTOS = YES_AGGRESSIVE;
				GCC_WARN_UNUSED_FUNCTION = YES;
				GCC_WARN_UNUSED_VARIABLE = YES;
				IPHONEOS_DEPLOYMENT_TARGET = 17.2;
				LOCALIZATION_PREFERS_STRING_CATALOGS = YES;
				MTL_ENABLE_DEBUG_INFO = NO;
				MTL_FAST_MATH = YES;
				SDKROOT = iphoneos;
				VALIDATE_PRODUCT = YES;
			};
			name = Release;
		};
		224916DD2B7E575100BEE207 /* Debug */ = {
			isa = XCBuildConfiguration;
			buildSettings = {
				ASSETCATALOG_COMPILER_APPICON_NAME = AppIcon;
				ASSETCATALOG_COMPILER_GLOBAL_ACCENT_COLOR_NAME = AccentColor;
				CODE_SIGN_STYLE = Automatic;
				CURRENT_PROJECT_VERSION = 1;
				DEVELOPMENT_TEAM = BR2R3JA9G7;
				GENERATE_INFOPLIST_FILE = YES;
				INFOPLIST_FILE = testapp/Info.plist;
				INFOPLIST_KEY_UIApplicationSupportsIndirectInputEvents = YES;
				INFOPLIST_KEY_UILaunchStoryboardName = LaunchScreen;
				INFOPLIST_KEY_UIMainStoryboardFile = Main;
				INFOPLIST_KEY_UISupportedInterfaceOrientations_iPad = "UIInterfaceOrientationPortrait UIInterfaceOrientationPortraitUpsideDown UIInterfaceOrientationLandscapeLeft UIInterfaceOrientationLandscapeRight";
				INFOPLIST_KEY_UISupportedInterfaceOrientations_iPhone = "UIInterfaceOrientationPortrait UIInterfaceOrientationLandscapeLeft UIInterfaceOrientationLandscapeRight";
				IPHONEOS_DEPLOYMENT_TARGET = 15.0;
				LD_RUNPATH_SEARCH_PATHS = (
					"$(inherited)",
					"@executable_path/Frameworks",
				);
				MARKETING_VERSION = 1.0;
				PRODUCT_BUNDLE_IDENTIFIER = com.hlyclub.testapp;
				PRODUCT_NAME = "$(TARGET_NAME)";
				SWIFT_EMIT_LOC_STRINGS = YES;
				TARGETED_DEVICE_FAMILY = "1,2";
			};
			name = Debug;
		};
		224916DE2B7E575100BEE207 /* Release */ = {
			isa = XCBuildConfiguration;
			buildSettings = {
				ASSETCATALOG_COMPILER_APPICON_NAME = AppIcon;
				ASSETCATALOG_COMPILER_GLOBAL_ACCENT_COLOR_NAME = AccentColor;
				CODE_SIGN_STYLE = Automatic;
				CURRENT_PROJECT_VERSION = 1;
				DEVELOPMENT_TEAM = BR2R3JA9G7;
				GENERATE_INFOPLIST_FILE = YES;
				INFOPLIST_FILE = testapp/Info.plist;
				INFOPLIST_KEY_UIApplicationSupportsIndirectInputEvents = YES;
				INFOPLIST_KEY_UILaunchStoryboardName = LaunchScreen;
				INFOPLIST_KEY_UIMainStoryboardFile = Main;
				INFOPLIST_KEY_UISupportedInterfaceOrientations_iPad = "UIInterfaceOrientationPortrait UIInterfaceOrientationPortraitUpsideDown UIInterfaceOrientationLandscapeLeft UIInterfaceOrientationLandscapeRight";
				INFOPLIST_KEY_UISupportedInterfaceOrientations_iPhone = "UIInterfaceOrientationPortrait UIInterfaceOrientationLandscapeLeft UIInterfaceOrientationLandscapeRight";
				IPHONEOS_DEPLOYMENT_TARGET = 15.0;
				LD_RUNPATH_SEARCH_PATHS = (
					"$(inherited)",
					"@executable_path/Frameworks",
				);
				MARKETING_VERSION = 1.0;
				PRODUCT_BUNDLE_IDENTIFIER = com.hlyclub.testapp;
				PRODUCT_NAME = "$(TARGET_NAME)";
				SWIFT_EMIT_LOC_STRINGS = YES;
				TARGETED_DEVICE_FAMILY = "1,2";
			};
			name = Release;
		};
		224916E02B7E575100BEE207 /* Debug */ = {
			isa = XCBuildConfiguration;
			buildSettings = {
				BUNDLE_LOADER = "$(TEST_HOST)";
				CODE_SIGN_STYLE = Automatic;
				CURRENT_PROJECT_VERSION = 1;
				GENERATE_INFOPLIST_FILE = YES;
				IPHONEOS_DEPLOYMENT_TARGET = 17.2;
				MARKETING_VERSION = 1.0;
				PRODUCT_BUNDLE_IDENTIFIER = com.hlyclub.testappTests;
				PRODUCT_NAME = "$(TARGET_NAME)";
				SWIFT_EMIT_LOC_STRINGS = NO;
				TARGETED_DEVICE_FAMILY = "1,2";
				TEST_HOST = "$(BUILT_PRODUCTS_DIR)/testapp.app/$(BUNDLE_EXECUTABLE_FOLDER_PATH)/testapp";
			};
			name = Debug;
		};
		224916E12B7E575100BEE207 /* Release */ = {
			isa = XCBuildConfiguration;
			buildSettings = {
				BUNDLE_LOADER = "$(TEST_HOST)";
				CODE_SIGN_STYLE = Automatic;
				CURRENT_PROJECT_VERSION = 1;
				GENERATE_INFOPLIST_FILE = YES;
				IPHONEOS_DEPLOYMENT_TARGET = 17.2;
				MARKETING_VERSION = 1.0;
				PRODUCT_BUNDLE_IDENTIFIER = com.hlyclub.testappTests;
				PRODUCT_NAME = "$(TARGET_NAME)";
				SWIFT_EMIT_LOC_STRINGS = NO;
				TARGETED_DEVICE_FAMILY = "1,2";
				TEST_HOST = "$(BUILT_PRODUCTS_DIR)/testapp.app/$(BUNDLE_EXECUTABLE_FOLDER_PATH)/testapp";
			};
			name = Release;
		};
		224916E32B7E575100BEE207 /* Debug */ = {
			isa = XCBuildConfiguration;
			buildSettings = {
				CODE_SIGN_STYLE = Automatic;
				CURRENT_PROJECT_VERSION = 1;
				GENERATE_INFOPLIST_FILE = YES;
				MARKETING_VERSION = 1.0;
				PRODUCT_BUNDLE_IDENTIFIER = com.hlyclub.testappUITests;
				PRODUCT_NAME = "$(TARGET_NAME)";
				SWIFT_EMIT_LOC_STRINGS = NO;
				TARGETED_DEVICE_FAMILY = "1,2";
				TEST_TARGET_NAME = testapp;
			};
			name = Debug;
		};
		224916E42B7E575100BEE207 /* Release */ = {
			isa = XCBuildConfiguration;
			buildSettings = {
				CODE_SIGN_STYLE = Automatic;
				CURRENT_PROJECT_VERSION = 1;
				GENERATE_INFOPLIST_FILE = YES;
				MARKETING_VERSION = 1.0;
				PRODUCT_BUNDLE_IDENTIFIER = com.hlyclub.testappUITests;
				PRODUCT_NAME = "$(TARGET_NAME)";
				SWIFT_EMIT_LOC_STRINGS = NO;
				TARGETED_DEVICE_FAMILY = "1,2";
				TEST_TARGET_NAME = testapp;
			};
			name = Release;
		};
/* End XCBuildConfiguration section */

/* Begin XCConfigurationList section */
		224916A82B7E575000BEE207 /* Build configuration list for PBXProject "testapp" */ = {
			isa = XCConfigurationList;
			buildConfigurations = (
				224916DA2B7E575100BEE207 /* Debug */,
				224916DB2B7E575100BEE207 /* Release */,
			);
			defaultConfigurationIsVisible = 0;
			defaultConfigurationName = Release;
		};
		224916DC2B7E575100BEE207 /* Build configuration list for PBXNativeTarget "testapp" */ = {
			isa = XCConfigurationList;
			buildConfigurations = (
				224916DD2B7E575100BEE207 /* Debug */,
				224916DE2B7E575100BEE207 /* Release */,
			);
			defaultConfigurationIsVisible = 0;
			defaultConfigurationName = Release;
		};
		224916DF2B7E575100BEE207 /* Build configuration list for PBXNativeTarget "testappTests" */ = {
			isa = XCConfigurationList;
			buildConfigurations = (
				224916E02B7E575100BEE207 /* Debug */,
				224916E12B7E575100BEE207 /* Release */,
			);
			defaultConfigurationIsVisible = 0;
			defaultConfigurationName = Release;
		};
		224916E22B7E575100BEE207 /* Build configuration list for PBXNativeTarget "testappUITests" */ = {
			isa = XCConfigurationList;
			buildConfigurations = (
				224916E32B7E575100BEE207 /* Debug */,
				224916E42B7E575100BEE207 /* Release */,
			);
			defaultConfigurationIsVisible = 0;
			defaultConfigurationName = Release;
		};
/* End XCConfigurationList section */
	};
	rootObject = 224916A52B7E575000BEE207 /* Project object */;
}
